
Microsoft Visual Studio Solution File, Format Version 12.00
# Visual Studio Version 18
VisualStudioVersion = 18.3.11408.92
MinimumVisualStudioVersion = 10.0.40219.1
Project("{FAE04EC0-301F-11D3-BF4B-00C04F79EFBC}") = "DeviceRepairPortal", "DeviceRepairPortal\DeviceRepairPortal.csproj", "{32D2678B-87D0-4AEB-9A35-16C355D6CE19}"
EndProject
Project("{2150E333-8FDC-42A3-9474-1A3956D46DE8}") = "Apis", "Apis", "{515AAE07-C596-4E3E-9828-4014B100E982}"
EndProject
Project("{2150E333-8FDC-42A3-9474-1A3956D46DE8}") = "Users", "Users", "{68E633A4-6101-4CA4-B54B-874F88D7F6F7}"
EndProject
Project("{FAE04EC0-301F-11D3-BF4B-00C04F79EFBC}") = "UserServices", "Apis\Users\UserServices\UserServices.csproj", "{ACA56383-7BEE-43E9-9BC8-7E607DA5224C}"
EndProject
Project("{FAE04EC0-301F-11D3-BF4B-00C04F79EFBC}") = "Domain", "Apis\Users\Domain\Domain.csproj", "{0BF2D81A-0B13-43C1-B63D-1D077CB8B98C}"
EndProject
Project("{FAE04EC0-301F-11D3-BF4B-00C04F79EFBC}") = "Infrastructure", "Apis\Users\Infrastructure\Infrastructure.csproj", "{D3C1A533-3254-4B00-BD06-8C70180E7170}"
EndProject
Project("{FAE04EC0-301F-11D3-BF4B-00C04F79EFBC}") = "Application", "Apis\Users\Application\Application.csproj", "{CC63BBB2-3AFA-4634-B5FA-EBCD2434EC0C}"
EndProject
Project("{2150E333-8FDC-42A3-9474-1A3956D46DE8}") = "Jobs", "Jobs", "{3EEB852B-14F0-436A-9D87-CE8D3865E6B2}"
EndProject
Project("{FAE04EC0-301F-11D3-BF4B-00C04F79EFBC}") = "JobMonitoringApi", "Apis\Jobs\JobMonitoringApi\JobMonitoringApi.csproj", "{F04FF097-8C2B-41E5-9F31-A1BD66362750}"
EndProject
Project("{FAE04EC0-301F-11D3-BF4B-00C04F79EFBC}") = "Domain", "Apis\Jobs\Domain\Domain.csproj", "{7FB2641A-F6E2-4820-BA1A-826549E0C25B}"
EndProject
Project("{FAE04EC0-301F-11D3-BF4B-00C04F79EFBC}") = "Infrastructure", "Apis\Jobs\Infrastructure\Infrastructure.csproj", "{8562B43A-6D02-4A83-8F6F-DFC1B1743511}"
EndProject
Project("{FAE04EC0-301F-11D3-BF4B-00C04F79EFBC}") = "Application", "Apis\Jobs\Application\Application.csproj", "{EB7F65BE-6C22-49C0-A398-91F2CA71EF30}"
EndProject
Project("{FAE04EC0-301F-11D3-BF4B-00C04F79EFBC}") = "JobManagementApi", "Apis\Jobs\JobManagementApi\JobManagementApi.csproj", "{40DD7530-3C14-4846-9BAC-3F14F107195A}"
EndProject
Global
	GlobalSection(SolutionConfigurationPlatforms) = preSolution
		Debug|Any CPU = Debug|Any CPU
		Release|Any CPU = Release|Any CPU
	EndGlobalSection
	GlobalSection(ProjectConfigurationPlatforms) = postSolution
		{32D2678B-87D0-4AEB-9A35-16C355D6CE19}.Debug|Any CPU.ActiveCfg = Debug|Any CPU
		{32D2678B-87D0-4AEB-9A35-16C355D6CE19}.Debug|Any CPU.Build.0 = Debug|Any CPU
		{32D2678B-87D0-4AEB-9A35-16C355D6CE19}.Release|Any CPU.ActiveCfg = Release|Any CPU
		{32D2678B-87D0-4AEB-9A35-16C355D6CE19}.Release|Any CPU.Build.0 = Release|Any CPU
		{ACA56383-7BEE-43E9-9BC8-7E607DA5224C}.Debug|Any CPU.ActiveCfg = Debug|Any CPU
		{ACA56383-7BEE-43E9-9BC8-7E607DA5224C}.Debug|Any CPU.Build.0 = Debug|Any CPU
		{ACA56383-7BEE-43E9-9BC8-7E607DA5224C}.Release|Any CPU.ActiveCfg = Release|Any CPU
		{ACA56383-7BEE-43E9-9BC8-7E607DA5224C}.Release|Any CPU.Build.0 = Release|Any CPU
		{0BF2D81A-0B13-43C1-B63D-1D077CB8B98C}.Debug|Any CPU.ActiveCfg = Debug|Any CPU
		{0BF2D81A-0B13-43C1-B63D-1D077CB8B98C}.Debug|Any CPU.Build.0 = Debug|Any CPU
		{0BF2D81A-0B13-43C1-B63D-1D077CB8B98C}.Release|Any CPU.ActiveCfg = Release|Any CPU
		{0BF2D81A-0B13-43C1-B63D-1D077CB8B98C}.Release|Any CPU.Build.0 = Release|Any CPU
		{D3C1A533-3254-4B00-BD06-8C70180E7170}.Debug|Any CPU.ActiveCfg = Debug|Any CPU
		{D3C1A533-3254-4B00-BD06-8C70180E7170}.Debug|Any CPU.Build.0 = Debug|Any CPU
		{D3C1A533-3254-4B00-BD06-8C70180E7170}.Release|Any CPU.ActiveCfg = Release|Any CPU
		{D3C1A533-3254-4B00-BD06-8C70180E7170}.Release|Any CPU.Build.0 = Release|Any CPU
		{CC63BBB2-3AFA-4634-B5FA-EBCD2434EC0C}.Debug|Any CPU.ActiveCfg = Debug|Any CPU
		{CC63BBB2-3AFA-4634-B5FA-EBCD2434EC0C}.Debug|Any CPU.Build.0 = Debug|Any CPU
		{CC63BBB2-3AFA-4634-B5FA-EBCD2434EC0C}.Release|Any CPU.ActiveCfg = Release|Any CPU
		{CC63BBB2-3AFA-4634-B5FA-EBCD2434EC0C}.Release|Any CPU.Build.0 = Release|Any CPU
		{F04FF097-8C2B-41E5-9F31-A1BD66362750}.Debug|Any CPU.ActiveCfg = Debug|Any CPU
		{F04FF097-8C2B-41E5-9F31-A1BD66362750}.Debug|Any CPU.Build.0 = Debug|Any CPU
		{F04FF097-8C2B-41E5-9F31-A1BD66362750}.Release|Any CPU.ActiveCfg = Release|Any CPU
		{F04FF097-8C2B-41E5-9F31-A1BD66362750}.Release|Any CPU.Build.0 = Release|Any CPU
		{7FB2641A-F6E2-4820-BA1A-826549E0C25B}.Debug|Any CPU.ActiveCfg = Debug|Any CPU
		{7FB2641A-F6E2-4820-BA1A-826549E0C25B}.Debug|Any CPU.Build.0 = Debug|Any CPU
		{7FB2641A-F6E2-4820-BA1A-826549E0C25B}.Release|Any CPU.ActiveCfg = Release|Any CPU
		{7FB2641A-F6E2-4820-BA1A-826549E0C25B}.Release|Any CPU.Build.0 = Release|Any CPU
		{8562B43A-6D02-4A83-8F6F-DFC1B1743511}.Debug|Any CPU.ActiveCfg = Debug|Any CPU
		{8562B43A-6D02-4A83-8F6F-DFC1B1743511}.Debug|Any CPU.Build.0 = Debug|Any CPU
		{8562B43A-6D02-4A83-8F6F-DFC1B1743511}.Release|Any CPU.ActiveCfg = Release|Any CPU
		{8562B43A-6D02-4A83-8F6F-DFC1B1743511}.Release|Any CPU.Build.0 = Release|Any CPU
		{EB7F65BE-6C22-49C0-A398-91F2CA71EF30}.Debug|Any CPU.ActiveCfg = Debug|Any CPU
		{EB7F65BE-6C22-49C0-A398-91F2CA71EF30}.Debug|Any CPU.Build.0 = Debug|Any CPU
		{EB7F65BE-6C22-49C0-A398-91F2CA71EF30}.Release|Any CPU.ActiveCfg = Release|Any CPU
		{EB7F65BE-6C22-49C0-A398-91F2CA71EF30}.Release|Any CPU.Build.0 = Release|Any CPU
		{40DD7530-3C14-4846-9BAC-3F14F107195A}.Debug|Any CPU.ActiveCfg = Debug|Any CPU
		{40DD7530-3C14-4846-9BAC-3F14F107195A}.Debug|Any CPU.Build.0 = Debug|Any CPU
		{40DD7530-3C14-4846-9BAC-3F14F107195A}.Release|Any CPU.ActiveCfg = Release|Any CPU
		{40DD7530-3C14-4846-9BAC-3F14F107195A}.Release|Any CPU.Build.0 = Release|Any CPU
	EndGlobalSection
	GlobalSection(SolutionProperties) = preSolution
		HideSolutionNode = FALSE
	EndGlobalSection
	GlobalSection(NestedProjects) = preSolution
		{68E633A4-6101-4CA4-B54B-874F88D7F6F7} = {515AAE07-C596-4E3E-9828-4014B100E982}
		{ACA56383-7BEE-43E9-9BC8-7E607DA5224C} = {68E633A4-6101-4CA4-B54B-874F88D7F6F7}
		{0BF2D81A-0B13-43C1-B63D-1D077CB8B98C} = {68E633A4-6101-4CA4-B54B-874F88D7F6F7}
		{D3C1A533-3254-4B00-BD06-8C70180E7170} = {68E633A4-6101-4CA4-B54B-874F88D7F6F7}
		{CC63BBB2-3AFA-4634-B5FA-EBCD2434EC0C} = {68E633A4-6101-4CA4-B54B-874F88D7F6F7}
		{3EEB852B-14F0-436A-9D87-CE8D3865E6B2} = {515AAE07-C596-4E3E-9828-4014B100E982}
		{F04FF097-8C2B-41E5-9F31-A1BD66362750} = {3EEB852B-14F0-436A-9D87-CE8D3865E6B2}
		{7FB2641A-F6E2-4820-BA1A-826549E0C25B} = {3EEB852B-14F0-436A-9D87-CE8D3865E6B2}
		{8562B43A-6D02-4A83-8F6F-DFC1B1743511} = {3EEB852B-14F0-436A-9D87-CE8D3865E6B2}
		{EB7F65BE-6C22-49C0-A398-91F2CA71EF30} = {3EEB852B-14F0-436A-9D87-CE8D3865E6B2}
		{40DD7530-3C14-4846-9BAC-3F14F107195A} = {3EEB852B-14F0-436A-9D87-CE8D3865E6B2}
	EndGlobalSection
	GlobalSection(ExtensibilityGlobals) = postSolution
		SolutionGuid = {C2B89E2F-B0E8-4C63-B1DF-97C50192FF23}
	EndGlobalSection
EndGlobal
