
Microsoft Visual Studio Solution File, Format Version 12.00
# Visual Studio Version 18
VisualStudioVersion = 18.3.11408.92
MinimumVisualStudioVersion = 10.0.40219.1
Project("{FAE04EC0-301F-11D3-BF4B-00C04F79EFBC}") = "DeviceRepairPortal", "DeviceRepairPortal\DeviceRepairPortal.csproj", "{32D2678B-87D0-4AEB-9A35-16C355D6CE19}"
EndProject
Project("{2150E333-8FDC-42A3-9474-1A3956D46DE8}") = "Apis", "Apis", "{515AAE07-C596-4E3E-9828-4014B100E982}"
EndProject
Project("{2150E333-8FDC-42A3-9474-1A3956D46DE8}") = "Users", "Users", "{68E633A4-6101-4CA4-B54B-874F88D7F6F7}"
EndProject
Project("{FAE04EC0-301F-11D3-BF4B-00C04F79EFBC}") = "UserServices", "Apis\Users\UserServices\UserServices.csproj", "{ACA56383-7BEE-43E9-9BC8-7E607DA5224C}"
EndProject
Project("{FAE04EC0-301F-11D3-BF4B-00C04F79EFBC}") = "Domain", "Apis\Users\Domain\Domain.csproj", "{0BF2D81A-0B13-43C1-B63D-1D077CB8B98C}"
EndProject
Project("{FAE04EC0-301F-11D3-BF4B-00C04F79EFBC}") = "Infrastructure", "Apis\Users\Infrastructure\Infrastructure.csproj", "{D3C1A533-3254-4B00-BD06-8C70180E7170}"
EndProject
Project("{FAE04EC0-301F-11D3-BF4B-00C04F79EFBC}") = "Application", "Apis\Users\Application\Application.csproj", "{CC63BBB2-3AFA-4634-B5FA-EBCD2434EC0C}"
EndProject
Project("{2150E333-8FDC-42A3-9474-1A3956D46DE8}") = "Jobs", "Jobs", "{85568F08-75B4-40A8-8147-77B3EF2DC3AF}"
EndProject
Project("{FAE04EC0-301F-11D3-BF4B-00C04F79EFBC}") = "JobManagementApi", "JobManagementApi\JobManagementApi.csproj", "{52966F30-001F-4063-80DE-5C2B39BC41D5}"
EndProject
Project("{FAE04EC0-301F-11D3-BF4B-00C04F79EFBC}") = "JobMonitoringApi", "JobMonitoringApi\JobMonitoringApi.csproj", "{DAB120CA-DA07-47EE-8CCB-FE00655EAB49}"
EndProject
Project("{FAE04EC0-301F-11D3-BF4B-00C04F79EFBC}") = "Domain", "Domain\Domain.csproj", "{71AB8AD3-8290-4250-ABB5-011A005AA3BD}"
EndProject
Project("{FAE04EC0-301F-11D3-BF4B-00C04F79EFBC}") = "Application", "Application\Application.csproj", "{8DD76B04-95E5-43BB-A51F-E38F8D0BD171}"
EndProject
Project("{FAE04EC0-301F-11D3-BF4B-00C04F79EFBC}") = "Infrastructure", "Infrastructure\Infrastructure.csproj", "{B4A51B60-39A4-4E2C-AA0F-C433EA1FDE9E}"
EndProject
Global
	GlobalSection(SolutionConfigurationPlatforms) = preSolution
		Debug|Any CPU = Debug|Any CPU
		Release|Any CPU = Release|Any CPU
	EndGlobalSection
	GlobalSection(ProjectConfigurationPlatforms) = postSolution
		{32D2678B-87D0-4AEB-9A35-16C355D6CE19}.Debug|Any CPU.ActiveCfg = Debug|Any CPU
		{32D2678B-87D0-4AEB-9A35-16C355D6CE19}.Debug|Any CPU.Build.0 = Debug|Any CPU
		{32D2678B-87D0-4AEB-9A35-16C355D6CE19}.Release|Any CPU.ActiveCfg = Release|Any CPU
		{32D2678B-87D0-4AEB-9A35-16C355D6CE19}.Release|Any CPU.Build.0 = Release|Any CPU
		{ACA56383-7BEE-43E9-9BC8-7E607DA5224C}.Debug|Any CPU.ActiveCfg = Debug|Any CPU
		{ACA56383-7BEE-43E9-9BC8-7E607DA5224C}.Debug|Any CPU.Build.0 = Debug|Any CPU
		{ACA56383-7BEE-43E9-9BC8-7E607DA5224C}.Release|Any CPU.ActiveCfg = Release|Any CPU
		{ACA56383-7BEE-43E9-9BC8-7E607DA5224C}.Release|Any CPU.Build.0 = Release|Any CPU
		{0BF2D81A-0B13-43C1-B63D-1D077CB8B98C}.Debug|Any CPU.ActiveCfg = Debug|Any CPU
		{0BF2D81A-0B13-43C1-B63D-1D077CB8B98C}.Debug|Any CPU.Build.0 = Debug|Any CPU
		{0BF2D81A-0B13-43C1-B63D-1D077CB8B98C}.Release|Any CPU.ActiveCfg = Release|Any CPU
		{0BF2D81A-0B13-43C1-B63D-1D077CB8B98C}.Release|Any CPU.Build.0 = Release|Any CPU
		{D3C1A533-3254-4B00-BD06-8C70180E7170}.Debug|Any CPU.ActiveCfg = Debug|Any CPU
		{D3C1A533-3254-4B00-BD06-8C70180E7170}.Debug|Any CPU.Build.0 = Debug|Any CPU
		{D3C1A533-3254-4B00-BD06-8C70180E7170}.Release|Any CPU.ActiveCfg = Release|Any CPU
		{D3C1A533-3254-4B00-BD06-8C70180E7170}.Release|Any CPU.Build.0 = Release|Any CPU
		{CC63BBB2-3AFA-4634-B5FA-EBCD2434EC0C}.Debug|Any CPU.ActiveCfg = Debug|Any CPU
		{CC63BBB2-3AFA-4634-B5FA-EBCD2434EC0C}.Debug|Any CPU.Build.0 = Debug|Any CPU
		{CC63BBB2-3AFA-4634-B5FA-EBCD2434EC0C}.Release|Any CPU.ActiveCfg = Release|Any CPU
		{CC63BBB2-3AFA-4634-B5FA-EBCD2434EC0C}.Release|Any CPU.Build.0 = Release|Any CPU
		{52966F30-001F-4063-80DE-5C2B39BC41D5}.Debug|Any CPU.ActiveCfg = Debug|Any CPU
		{52966F30-001F-4063-80DE-5C2B39BC41D5}.Debug|Any CPU.Build.0 = Debug|Any CPU
		{52966F30-001F-4063-80DE-5C2B39BC41D5}.Release|Any CPU.ActiveCfg = Release|Any CPU
		{52966F30-001F-4063-80DE-5C2B39BC41D5}.Release|Any CPU.Build.0 = Release|Any CPU
		{DAB120CA-DA07-47EE-8CCB-FE00655EAB49}.Debug|Any CPU.ActiveCfg = Debug|Any CPU
		{DAB120CA-DA07-47EE-8CCB-FE00655EAB49}.Debug|Any CPU.Build.0 = Debug|Any CPU
		{DAB120CA-DA07-47EE-8CCB-FE00655EAB49}.Release|Any CPU.ActiveCfg = Release|Any CPU
		{DAB120CA-DA07-47EE-8CCB-FE00655EAB49}.Release|Any CPU.Build.0 = Release|Any CPU
		{71AB8AD3-8290-4250-ABB5-011A005AA3BD}.Debug|Any CPU.ActiveCfg = Debug|Any CPU
		{71AB8AD3-8290-4250-ABB5-011A005AA3BD}.Debug|Any CPU.Build.0 = Debug|Any CPU
		{71AB8AD3-8290-4250-ABB5-011A005AA3BD}.Release|Any CPU.ActiveCfg = Release|Any CPU
		{71AB8AD3-8290-4250-ABB5-011A005AA3BD}.Release|Any CPU.Build.0 = Release|Any CPU
		{8DD76B04-95E5-43BB-A51F-E38F8D0BD171}.Debug|Any CPU.ActiveCfg = Debug|Any CPU
		{8DD76B04-95E5-43BB-A51F-E38F8D0BD171}.Debug|Any CPU.Build.0 = Debug|Any CPU
		{8DD76B04-95E5-43BB-A51F-E38F8D0BD171}.Release|Any CPU.ActiveCfg = Release|Any CPU
		{8DD76B04-95E5-43BB-A51F-E38F8D0BD171}.Release|Any CPU.Build.0 = Release|Any CPU
		{B4A51B60-39A4-4E2C-AA0F-C433EA1FDE9E}.Debug|Any CPU.ActiveCfg = Debug|Any CPU
		{B4A51B60-39A4-4E2C-AA0F-C433EA1FDE9E}.Debug|Any CPU.Build.0 = Debug|Any CPU
		{B4A51B60-39A4-4E2C-AA0F-C433EA1FDE9E}.Release|Any CPU.ActiveCfg = Release|Any CPU
		{B4A51B60-39A4-4E2C-AA0F-C433EA1FDE9E}.Release|Any CPU.Build.0 = Release|Any CPU
	EndGlobalSection
	GlobalSection(SolutionProperties) = preSolution
		HideSolutionNode = FALSE
	EndGlobalSection
	GlobalSection(NestedProjects) = preSolution
		{68E633A4-6101-4CA4-B54B-874F88D7F6F7} = {515AAE07-C596-4E3E-9828-4014B100E982}
		{ACA56383-7BEE-43E9-9BC8-7E607DA5224C} = {68E633A4-6101-4CA4-B54B-874F88D7F6F7}
		{0BF2D81A-0B13-43C1-B63D-1D077CB8B98C} = {68E633A4-6101-4CA4-B54B-874F88D7F6F7}
		{D3C1A533-3254-4B00-BD06-8C70180E7170} = {68E633A4-6101-4CA4-B54B-874F88D7F6F7}
		{CC63BBB2-3AFA-4634-B5FA-EBCD2434EC0C} = {68E633A4-6101-4CA4-B54B-874F88D7F6F7}
		{85568F08-75B4-40A8-8147-77B3EF2DC3AF} = {515AAE07-C596-4E3E-9828-4014B100E982}
		{52966F30-001F-4063-80DE-5C2B39BC41D5} = {85568F08-75B4-40A8-8147-77B3EF2DC3AF}
		{DAB120CA-DA07-47EE-8CCB-FE00655EAB49} = {85568F08-75B4-40A8-8147-77B3EF2DC3AF}
		{71AB8AD3-8290-4250-ABB5-011A005AA3BD} = {85568F08-75B4-40A8-8147-77B3EF2DC3AF}
		{8DD76B04-95E5-43BB-A51F-E38F8D0BD171} = {85568F08-75B4-40A8-8147-77B3EF2DC3AF}
		{B4A51B60-39A4-4E2C-AA0F-C433EA1FDE9E} = {85568F08-75B4-40A8-8147-77B3EF2DC3AF}
	EndGlobalSection
	GlobalSection(ExtensibilityGlobals) = postSolution
		SolutionGuid = {C2B89E2F-B0E8-4C63-B1DF-97C50192FF23}
	EndGlobalSection
EndGlobal
